// !$*UTF8*$!
{
	archiveVersion = 1;
	classes = {
	};
	objectVersion = 48;
	objects = {

/* Begin PBXBuildFile section */
		23ECAC811FF152C800FFAB50 /* AppDelegate.swift in Sources */ = {isa = PBXBuildFile; fileRef = 23ECAC801FF152C800FFAB50 /* AppDelegate.swift */; };
		23ECAC881FF152C800FFAB50 /* Assets.xcassets in Resources */ = {isa = PBXBuildFile; fileRef = 23ECAC871FF152C800FFAB50 /* Assets.xcassets */; };
		23ECAC8B1FF152C800FFAB50 /* LaunchScreen.storyboard in Resources */ = {isa = PBXBuildFile; fileRef = 23ECAC891FF152C800FFAB50 /* LaunchScreen.storyboard */; };
		23ECACB01FF15C8200FFAB50 /* ViewController.swift in Sources */ = {isa = PBXBuildFile; fileRef = 23ECACAE1FF15C8200FFAB50 /* ViewController.swift */; };
		23ECACB11FF15C8200FFAB50 /* ViewController.xib in Resources */ = {isa = PBXBuildFile; fileRef = 23ECACAF1FF15C8200FFAB50 /* ViewController.xib */; };
		23ECACB31FF160A000FFAB50 /* ExampleData.swift in Sources */ = {isa = PBXBuildFile; fileRef = 23ECACB21FF1609700FFAB50 /* ExampleData.swift */; };
		23ECACBF1FF1623E00FFAB50 /* Extensions.swift in Sources */ = {isa = PBXBuildFile; fileRef = 23ECACBE1FF1623E00FFAB50 /* Extensions.swift */; };
		23ECACCB1FF1837E00FFAB50 /* CollapsibleTableViewHeader.swift in Sources */ = {isa = PBXBuildFile; fileRef = 23ECACC91FF1837E00FFAB50 /* CollapsibleTableViewHeader.swift */; };
		23ECACCC1FF1837E00FFAB50 /* CollapsibleTableViewHeader.xib in Resources */ = {isa = PBXBuildFile; fileRef = 23ECACCA1FF1837E00FFAB50 /* CollapsibleTableViewHeader.xib */; };
		23ECACCF1FF1888F00FFAB50 /* CollapsibleTableViewCell.swift in Sources */ = {isa = PBXBuildFile; fileRef = 23ECACCD1FF1888F00FFAB50 /* CollapsibleTableViewCell.swift */; };
		23ECACD01FF1888F00FFAB50 /* CollapsibleTableViewCell.xib in Resources */ = {isa = PBXBuildFile; fileRef = 23ECACCE1FF1888F00FFAB50 /* CollapsibleTableViewCell.xib */; };
/* End PBXBuildFile section */

/* Begin PBXContainerItemProxy section */
		23ECAC921FF152C800FFAB50 /* PBXContainerItemProxy */ = {
			isa = PBXContainerItemProxy;
			containerPortal = 23ECAC751FF152C800FFAB50 /* Project object */;
			proxyType = 1;
			remoteGlobalIDString = 23ECAC7C1FF152C800FFAB50;
			remoteInfo = ExpanableDemo;
		};
		23ECAC9D1FF152C800FFAB50 /* PBXContainerItemProxy */ = {
			isa = PBXContainerItemProxy;
			containerPortal = 23ECAC751FF152C800FFAB50 /* Project object */;
			proxyType = 1;
			remoteGlobalIDString = 23ECAC7C1FF152C800FFAB50;
			remoteInfo = ExpanableDemo;
		};
/* End PBXContainerItemProxy section */

/* Begin PBXFileReference section */
		23ECAC7D1FF152C800FFAB50 /* ExpanableDemo.app */ = {isa = PBXFileReference; explicitFileType = wrapper.application; includeInIndex = 0; path = ExpanableDemo.app; sourceTree = BUILT_PRODUCTS_DIR; };
		23ECAC801FF152C800FFAB50 /* AppDelegate.swift */ = {isa = PBXFileReference; lastKnownFileType = sourcecode.swift; path = AppDelegate.swift; sourceTree = "<group>"; };
		23ECAC871FF152C800FFAB50 /* Assets.xcassets */ = {isa = PBXFileReference; lastKnownFileType = folder.assetcatalog; path = Assets.xcassets; sourceTree = "<group>"; };
		23ECAC8A1FF152C800FFAB50 /* Base */ = {isa = PBXFileReference; lastKnownFileType = file.storyboard; name = Base; path = Base.lproj/LaunchScreen.storyboard; sourceTree = "<group>"; };
		23ECAC8C1FF152C800FFAB50 /* Info.plist */ = {isa = PBXFileReference; lastKnownFileType = text.plist.xml; path = Info.plist; sourceTree = "<group>"; };
		23ECAC911FF152C800FFAB50 /* ExpanableDemoTests.xctest */ = {isa = PBXFileReference; explicitFileType = wrapper.cfbundle; includeInIndex = 0; path = ExpanableDemoTests.xctest; sourceTree = BUILT_PRODUCTS_DIR; };
		23ECAC9C1FF152C800FFAB50 /* ExpanableDemoUITests.xctest */ = {isa = PBXFileReference; explicitFileType = wrapper.cfbundle; includeInIndex = 0; path = ExpanableDemoUITests.xctest; sourceTree = BUILT_PRODUCTS_DIR; };
		23ECACAE1FF15C8200FFAB50 /* ViewController.swift */ = {isa = PBXFileReference; lastKnownFileType = sourcecode.swift; path = ViewController.swift; sourceTree = "<group>"; };
		23ECACAF1FF15C8200FFAB50 /* ViewController.xib */ = {isa = PBXFileReference; lastKnownFileType = file.xib; path = ViewController.xib; sourceTree = "<group>"; };
		23ECACB21FF1609700FFAB50 /* ExampleData.swift */ = {isa = PBXFileReference; lastKnownFileType = sourcecode.swift; path = ExampleData.swift; sourceTree = "<group>"; };
		23ECACBE1FF1623E00FFAB50 /* Extensions.swift */ = {isa = PBXFileReference; lastKnownFileType = sourcecode.swift; path = Extensions.swift; sourceTree = "<group>"; };
		23ECACC91FF1837E00FFAB50 /* CollapsibleTableViewHeader.swift */ = {isa = PBXFileReference; lastKnownFileType = sourcecode.swift; path = CollapsibleTableViewHeader.swift; sourceTree = "<group>"; };
		23ECACCA1FF1837E00FFAB50 /* CollapsibleTableViewHeader.xib */ = {isa = PBXFileReference; lastKnownFileType = file.xib; path = CollapsibleTableViewHeader.xib; sourceTree = "<group>"; };
		23ECACCD1FF1888F00FFAB50 /* CollapsibleTableViewCell.swift */ = {isa = PBXFileReference; lastKnownFileType = sourcecode.swift; path = CollapsibleTableViewCell.swift; sourceTree = "<group>"; };
		23ECACCE1FF1888F00FFAB50 /* CollapsibleTableViewCell.xib */ = {isa = PBXFileReference; lastKnownFileType = file.xib; path = CollapsibleTableViewCell.xib; sourceTree = "<group>"; };
/* End PBXFileReference section */

/* Begin PBXFrameworksBuildPhase section */
		23ECAC7A1FF152C800FFAB50 /* Frameworks */ = {
			isa = PBXFrameworksBuildPhase;
			buildActionMask = 2147483647;
			files = (
			);
			runOnlyForDeploymentPostprocessing = 0;
		};
		23ECAC8E1FF152C800FFAB50 /* Frameworks */ = {
			isa = PBXFrameworksBuildPhase;
			buildActionMask = 2147483647;
			files = (
			);
			runOnlyForDeploymentPostprocessing = 0;
		};
		23ECAC991FF152C800FFAB50 /* Frameworks */ = {
			isa = PBXFrameworksBuildPhase;
			buildActionMask = 2147483647;
			files = (
			);
			runOnlyForDeploymentPostprocessing = 0;
		};
/* End PBXFrameworksBuildPhase section */

/* Begin PBXGroup section */
		23ECAC741FF152C800FFAB50 = {
			isa = PBXGroup;
			children = (
				23ECAC7F1FF152C800FFAB50 /* ExpanableDemo */,
				23ECAC7E1FF152C800FFAB50 /* Products */,
			);
			sourceTree = "<group>";
		};
		23ECAC7E1FF152C800FFAB50 /* Products */ = {
			isa = PBXGroup;
			children = (
				23ECAC7D1FF152C800FFAB50 /* ExpanableDemo.app */,
				23ECAC911FF152C800FFAB50 /* ExpanableDemoTests.xctest */,
				23ECAC9C1FF152C800FFAB50 /* ExpanableDemoUITests.xctest */,
			);
			name = Products;
			sourceTree = "<group>";
		};
		23ECAC7F1FF152C800FFAB50 /* ExpanableDemo */ = {
			isa = PBXGroup;
			children = (
				23ECACB51FF160B200FFAB50 /* ExpanableView */,
				23ECACB41FF160A300FFAB50 /* ViewController */,
				23ECAC801FF152C800FFAB50 /* AppDelegate.swift */,
				23ECAC871FF152C800FFAB50 /* Assets.xcassets */,
				23ECAC891FF152C800FFAB50 /* LaunchScreen.storyboard */,
				23ECAC8C1FF152C800FFAB50 /* Info.plist */,
			);
			path = ExpanableDemo;
			sourceTree = "<group>";
		};
		23ECACB41FF160A300FFAB50 /* ViewController */ = {
			isa = PBXGroup;
			children = (
				23ECACAE1FF15C8200FFAB50 /* ViewController.swift */,
				23ECACAF1FF15C8200FFAB50 /* ViewController.xib */,
			);
			path = ViewController;
			sourceTree = "<group>";
		};
		23ECACB51FF160B200FFAB50 /* ExpanableView */ = {
			isa = PBXGroup;
			children = (
				23ECACBE1FF1623E00FFAB50 /* Extensions.swift */,
				23ECACB21FF1609700FFAB50 /* ExampleData.swift */,
				23ECACCD1FF1888F00FFAB50 /* CollapsibleTableViewCell.swift */,
				23ECACCE1FF1888F00FFAB50 /* CollapsibleTableViewCell.xib */,
				23ECACC91FF1837E00FFAB50 /* CollapsibleTableViewHeader.swift */,
				23ECACCA1FF1837E00FFAB50 /* CollapsibleTableViewHeader.xib */,
			);
			path = ExpanableView;
			sourceTree = "<group>";
		};
/* End PBXGroup section */

/* Begin PBXNativeTarget section */
		23ECAC7C1FF152C800FFAB50 /* ExpanableDemo */ = {
			isa = PBXNativeTarget;
			buildConfigurationList = 23ECACA51FF152C900FFAB50 /* Build configuration list for PBXNativeTarget "ExpanableDemo" */;
			buildPhases = (
				23ECAC791FF152C800FFAB50 /* Sources */,
				23ECAC7A1FF152C800FFAB50 /* Frameworks */,
				23ECAC7B1FF152C800FFAB50 /* Resources */,
			);
			buildRules = (
			);
			dependencies = (
			);
			name = ExpanableDemo;
			productName = ExpanableDemo;
			productReference = 23ECAC7D1FF152C800FFAB50 /* ExpanableDemo.app */;
			productType = "com.apple.product-type.application";
		};
		23ECAC901FF152C800FFAB50 /* ExpanableDemoTests */ = {
			isa = PBXNativeTarget;
			buildConfigurationList = 23ECACA81FF152C900FFAB50 /* Build configuration list for PBXNativeTarget "ExpanableDemoTests" */;
			buildPhases = (
				23ECAC8D1FF152C800FFAB50 /* Sources */,
				23ECAC8E1FF152C800FFAB50 /* Frameworks */,
				23ECAC8F1FF152C800FFAB50 /* Resources */,
			);
			buildRules = (
			);
			dependencies = (
				23ECAC931FF152C800FFAB50 /* PBXTargetDependency */,
			);
			name = ExpanableDemoTests;
			productName = ExpanableDemoTests;
			productReference = 23ECAC911FF152C800FFAB50 /* ExpanableDemoTests.xctest */;
			productType = "com.apple.product-type.bundle.unit-test";
		};
		23ECAC9B1FF152C800FFAB50 /* ExpanableDemoUITests */ = {
			isa = PBXNativeTarget;
			buildConfigurationList = 23ECACAB1FF152C900FFAB50 /* Build configuration list for PBXNativeTarget "ExpanableDemoUITests" */;
			buildPhases = (
				23ECAC981FF152C800FFAB50 /* Sources */,
				23ECAC991FF152C800FFAB50 /* Frameworks */,
				23ECAC9A1FF152C800FFAB50 /* Resources */,
			);
			buildRules = (
			);
			dependencies = (
				23ECAC9E1FF152C800FFAB50 /* PBXTargetDependency */,
			);
			name = ExpanableDemoUITests;
			productName = ExpanableDemoUITests;
			productReference = 23ECAC9C1FF152C800FFAB50 /* ExpanableDemoUITests.xctest */;
			productType = "com.apple.product-type.bundle.ui-testing";
		};
/* End PBXNativeTarget section */

/* Begin PBXProject section */
		23ECAC751FF152C800FFAB50 /* Project object */ = {
			isa = PBXProject;
			attributes = {
				LastSwiftUpdateCheck = 0920;
				LastUpgradeCheck = 0920;
				ORGANIZATIONNAME = ThangSIC;
				TargetAttributes = {
					23ECAC7C1FF152C800FFAB50 = {
						CreatedOnToolsVersion = 9.2;
						ProvisioningStyle = Automatic;
					};
					23ECAC901FF152C800FFAB50 = {
						CreatedOnToolsVersion = 9.2;
						ProvisioningStyle = Automatic;
						TestTargetID = 23ECAC7C1FF152C800FFAB50;
					};
					23ECAC9B1FF152C800FFAB50 = {
						CreatedOnToolsVersion = 9.2;
						ProvisioningStyle = Automatic;
						TestTargetID = 23ECAC7C1FF152C800FFAB50;
					};
				};
			};
			buildConfigurationList = 23ECAC781FF152C800FFAB50 /* Build configuration list for PBXProject "ExpanableDemo" */;
			compatibilityVersion = "Xcode 8.0";
			developmentRegion = en;
			hasScannedForEncodings = 0;
			knownRegions = (
				en,
				Base,
			);
			mainGroup = 23ECAC741FF152C800FFAB50;
			productRefGroup = 23ECAC7E1FF152C800FFAB50 /* Products */;
			projectDirPath = "";
			projectRoot = "";
			targets = (
				23ECAC7C1FF152C800FFAB50 /* ExpanableDemo */,
				23ECAC901FF152C800FFAB50 /* ExpanableDemoTests */,
				23ECAC9B1FF152C800FFAB50 /* ExpanableDemoUITests */,
			);
		};
/* End PBXProject section */

/* Begin PBXResourcesBuildPhase section */
		23ECAC7B1FF152C800FFAB50 /* Resources */ = {
			isa = PBXResourcesBuildPhase;
			buildActionMask = 2147483647;
			files = (
				23ECAC8B1FF152C800FFAB50 /* LaunchScreen.storyboard in Resources */,
				23ECACD01FF1888F00FFAB50 /* CollapsibleTableViewCell.xib in Resources */,
				23ECACCC1FF1837E00FFAB50 /* CollapsibleTableViewHeader.xib in Resources */,
				23ECACB11FF15C8200FFAB50 /* ViewController.xib in Resources */,
				23ECAC881FF152C800FFAB50 /* Assets.xcassets in Resources */,
			);
			runOnlyForDeploymentPostprocessing = 0;
		};
		23ECAC8F1FF152C800FFAB50 /* Resources */ = {
			isa = PBXResourcesBuildPhase;
			buildActionMask = 2147483647;
			files = (
			);
			runOnlyForDeploymentPostprocessing = 0;
		};
		23ECAC9A1FF152C800FFAB50 /* Resources */ = {
			isa = PBXResourcesBuildPhase;
			buildActionMask = 2147483647;
			files = (
			);
			runOnlyForDeploymentPostprocessing = 0;
		};
/* End PBXResourcesBuildPhase section */

/* Begin PBXSourcesBuildPhase section */
		23ECAC791FF152C800FFAB50 /* Sources */ = {
			isa = PBXSourcesBuildPhase;
			buildActionMask = 2147483647;
			files = (
				23ECACCB1FF1837E00FFAB50 /* CollapsibleTableViewHeader.swift in Sources */,
				23ECACBF1FF1623E00FFAB50 /* Extensions.swift in Sources */,
				23ECACCF1FF1888F00FFAB50 /* CollapsibleTableViewCell.swift in Sources */,
				23ECACB01FF15C8200FFAB50 /* ViewController.swift in Sources */,
				23ECAC811FF152C800FFAB50 /* AppDelegate.swift in Sources */,
				23ECACB31FF160A000FFAB50 /* ExampleData.swift in Sources */,
			);
			runOnlyForDeploymentPostprocessing = 0;
		};
		23ECAC8D1FF152C800FFAB50 /* Sources */ = {
			isa = PBXSourcesBuildPhase;
			buildActionMask = 2147483647;
			files = (
			);
			runOnlyForDeploymentPostprocessing = 0;
		};
		23ECAC981FF152C800FFAB50 /* Sources */ = {
			isa = PBXSourcesBuildPhase;
			buildActionMask = 2147483647;
			files = (
			);
			runOnlyForDeploymentPostprocessing = 0;
		};
/* End PBXSourcesBuildPhase section */

/* Begin PBXTargetDependency section */
		23ECAC931FF152C800FFAB50 /* PBXTargetDependency */ = {
			isa = PBXTargetDependency;
			target = 23ECAC7C1FF152C800FFAB50 /* ExpanableDemo */;
			targetProxy = 23ECAC921FF152C800FFAB50 /* PBXContainerItemProxy */;
		};
		23ECAC9E1FF152C800FFAB50 /* PBXTargetDependency */ = {
			isa = PBXTargetDependency;
			target = 23ECAC7C1FF152C800FFAB50 /* ExpanableDemo */;
			targetProxy = 23ECAC9D1FF152C800FFAB50 /* PBXContainerItemProxy */;
		};
/* End PBXTargetDependency section */

/* Begin PBXVariantGroup section */
		23ECAC891FF152C800FFAB50 /* LaunchScreen.storyboard */ = {
			isa = PBXVariantGroup;
			children = (
				23ECAC8A1FF152C800FFAB50 /* Base */,
			);
			name = LaunchScreen.storyboard;
			sourceTree = "<group>";
		};
/* End PBXVariantGroup section */

/* Begin XCBuildConfiguration section */
		23ECACA31FF152C800FFAB50 /* Debug */ = {
			isa = XCBuildConfiguration;
			buildSettings = {
				ALWAYS_SEARCH_USER_PATHS = NO;
				CLANG_ANALYZER_NONNULL = YES;
				CLANG_ANALYZER_NUMBER_OBJECT_CONVERSION = YES_AGGRESSIVE;
				CLANG_CXX_LANGUAGE_STANDARD = "gnu++14";
				CLANG_CXX_LIBRARY = "libc++";
				CLANG_ENABLE_MODULES = YES;
				CLANG_ENABLE_OBJC_ARC = YES;
				CLANG_WARN_BLOCK_CAPTURE_AUTORELEASING = YES;
				CLANG_WARN_BOOL_CONVERSION = YES;
				CLANG_WARN_COMMA = YES;
				CLANG_WARN_CONSTANT_CONVERSION = YES;
				CLANG_WARN_DIRECT_OBJC_ISA_USAGE = YES_ERROR;
				CLANG_WARN_DOCUMENTATION_COMMENTS = YES;
				CLANG_WARN_EMPTY_BODY = YES;
				CLANG_WARN_ENUM_CONVERSION = YES;
				CLANG_WARN_INFINITE_RECURSION = YES;
				CLANG_WARN_INT_CONVERSION = YES;
				CLANG_WARN_NON_LITERAL_NULL_CONVERSION = YES;
				CLANG_WARN_OBJC_LITERAL_CONVERSION = YES;
				CLANG_WARN_OBJC_ROOT_CLASS = YES_ERROR;
				CLANG_WARN_RANGE_LOOP_ANALYSIS = YES;
				CLANG_WARN_STRICT_PROTOTYPES = YES;
				CLANG_WARN_SUSPICIOUS_MOVE = YES;
				CLANG_WARN_UNGUARDED_AVAILABILITY = YES_AGGRESSIVE;
				CLANG_WARN_UNREACHABLE_CODE = YES;
				CLANG_WARN__DUPLICATE_METHOD_MATCH = YES;
				CODE_SIGN_IDENTITY = "iPhone Developer";
				COPY_PHASE_STRIP = NO;
				DEBUG_INFORMATION_FORMAT = dwarf;
				ENABLE_STRICT_OBJC_MSGSEND = YES;
				ENABLE_TESTABILITY = YES;
				GCC_C_LANGUAGE_STANDARD = gnu11;
				GCC_DYNAMIC_NO_PIC = NO;
				GCC_NO_COMMON_BLOCKS = YES;
				GCC_OPTIMIZATION_LEVEL = 0;
				GCC_PREPROCESSOR_DEFINITIONS = (
					"DEBUG=1",
					"$(inherited)",
				);
				GCC_WARN_64_TO_32_BIT_CONVERSION = YES;
				GCC_WARN_ABOUT_RETURN_TYPE = YES_ERROR;
				GCC_WARN_UNDECLARED_SELECTOR = YES;
				GCC_WARN_UNINITIALIZED_AUTOS = YES_AGGRESSIVE;
				GCC_WARN_UNUSED_FUNCTION = YES;
				GCC_WARN_UNUSED_VARIABLE = YES;
				IPHONEOS_DEPLOYMENT_TARGET = 11.2;
				MTL_ENABLE_DEBUG_INFO = YES;
				ONLY_ACTIVE_ARCH = YES;
				SDKROOT = iphoneos;
				SWIFT_ACTIVE_COMPILATION_CONDITIONS = DEBUG;
				SWIFT_OPTIMIZATION_LEVEL = "-Onone";
			};
			name = Debug;
		};
		23ECACA41FF152C800FFAB50 /* Release */ = {
			isa = XCBuildConfiguration;
			buildSettings = {
				ALWAYS_SEARCH_USER_PATHS = NO;
				CLANG_ANALYZER_NONNULL = YES;
				CLANG_ANALYZER_NUMBER_OBJECT_CONVERSION = YES_AGGRESSIVE;
				CLANG_CXX_LANGUAGE_STANDARD = "gnu++14";
				CLANG_CXX_LIBRARY = "libc++";
				CLANG_ENABLE_MODULES = YES;
				CLANG_ENABLE_OBJC_ARC = YES;
				CLANG_WARN_BLOCK_CAPTURE_AUTORELEASING = YES;
				CLANG_WARN_BOOL_CONVERSION = YES;
				CLANG_WARN_COMMA = YES;
				CLANG_WARN_CONSTANT_CONVERSION = YES;
				CLANG_WARN_DIRECT_OBJC_ISA_USAGE = YES_ERROR;
				CLANG_WARN_DOCUMENTATION_COMMENTS = YES;
				CLANG_WARN_EMPTY_BODY = YES;
				CLANG_WARN_ENUM_CONVERSION = YES;
				CLANG_WARN_INFINITE_RECURSION = YES;
				CLANG_WARN_INT_CONVERSION = YES;
				CLANG_WARN_NON_LITERAL_NULL_CONVERSION = YES;
				CLANG_WARN_OBJC_LITERAL_CONVERSION = YES;
				CLANG_WARN_OBJC_ROOT_CLASS = YES_ERROR;
				CLANG_WARN_RANGE_LOOP_ANALYSIS = YES;
				CLANG_WARN_STRICT_PROTOTYPES = YES;
				CLANG_WARN_SUSPICIOUS_MOVE = YES;
				CLANG_WARN_UNGUARDED_AVAILABILITY = YES_AGGRESSIVE;
				CLANG_WARN_UNREACHABLE_CODE = YES;
				CLANG_WARN__DUPLICATE_METHOD_MATCH = YES;
				CODE_SIGN_IDENTITY = "iPhone Developer";
				COPY_PHASE_STRIP = NO;
				DEBUG_INFORMATION_FORMAT = "dwarf-with-dsym";
				ENABLE_NS_ASSERTIONS = NO;
				ENABLE_STRICT_OBJC_MSGSEND = YES;
				GCC_C_LANGUAGE_STANDARD = gnu11;
				GCC_NO_COMMON_BLOCKS = YES;
				GCC_WARN_64_TO_32_BIT_CONVERSION = YES;
				GCC_WARN_ABOUT_RETURN_TYPE = YES_ERROR;
				GCC_WARN_UNDECLARED_SELECTOR = YES;
				GCC_WARN_UNINITIALIZED_AUTOS = YES_AGGRESSIVE;
				GCC_WARN_UNUSED_FUNCTION = YES;
				GCC_WARN_UNUSED_VARIABLE = YES;
				IPHONEOS_DEPLOYMENT_TARGET = 11.2;
				MTL_ENABLE_DEBUG_INFO = NO;
				SDKROOT = iphoneos;
				SWIFT_OPTIMIZATION_LEVEL = "-Owholemodule";
				VALIDATE_PRODUCT = YES;
			};
			name = Release;
		};
		23ECACA61FF152C900FFAB50 /* Debug */ = {
			isa = XCBuildConfiguration;
			buildSettings = {
				ASSETCATALOG_COMPILER_APPICON_NAME = AppIcon;
				CODE_SIGN_STYLE = Automatic;
				INFOPLIST_FILE = ExpanableDemo/Info.plist;
				LD_RUNPATH_SEARCH_PATHS = "$(inherited) @executable_path/Frameworks";
				PRODUCT_BUNDLE_IDENTIFIER = com.thangvnnc.demo.ExpanableDemo;
				PRODUCT_NAME = "$(TARGET_NAME)";
				SWIFT_VERSION = 4.0;
				TARGETED_DEVICE_FAMILY = "1,2";
			};
			name = Debug;
		};
		23ECACA71FF152C900FFAB50 /* Release */ = {
			isa = XCBuildConfiguration;
			buildSettings = {
				ASSETCATALOG_COMPILER_APPICON_NAME = AppIcon;
				CODE_SIGN_STYLE = Automatic;
				INFOPLIST_FILE = ExpanableDemo/Info.plist;
				LD_RUNPATH_SEARCH_PATHS = "$(inherited) @executable_path/Frameworks";
				PRODUCT_BUNDLE_IDENTIFIER = com.thangvnnc.demo.ExpanableDemo;
				PRODUCT_NAME = "$(TARGET_NAME)";
				SWIFT_VERSION = 4.0;
				TARGETED_DEVICE_FAMILY = "1,2";
			};
			name = Release;
		};
		23ECACA91FF152C900FFAB50 /* Debug */ = {
			isa = XCBuildConfiguration;
			buildSettings = {
				ALWAYS_EMBED_SWIFT_STANDARD_LIBRARIES = YES;
				BUNDLE_LOADER = "$(TEST_HOST)";
				CODE_SIGN_STYLE = Automatic;
				INFOPLIST_FILE = ExpanableDemoTests/Info.plist;
				LD_RUNPATH_SEARCH_PATHS = "$(inherited) @executable_path/Frameworks @loader_path/Frameworks";
				PRODUCT_BUNDLE_IDENTIFIER = com.thangvnnc.demo.ExpanableDemoTests;
				PRODUCT_NAME = "$(TARGET_NAME)";
				SWIFT_VERSION = 4.0;
				TARGETED_DEVICE_FAMILY = "1,2";
				TEST_HOST = "$(BUILT_PRODUCTS_DIR)/ExpanableDemo.app/ExpanableDemo";
			};
			name = Debug;
		};
		23ECACAA1FF152C900FFAB50 /* Release */ = {
			isa = XCBuildConfiguration;
			buildSettings = {
				ALWAYS_EMBED_SWIFT_STANDARD_LIBRARIES = YES;
				BUNDLE_LOADER = "$(TEST_HOST)";
				CODE_SIGN_STYLE = Automatic;
				INFOPLIST_FILE = ExpanableDemoTests/Info.plist;
				LD_RUNPATH_SEARCH_PATHS = "$(inherited) @executable_path/Frameworks @loader_path/Frameworks";
				PRODUCT_BUNDLE_IDENTIFIER = com.thangvnnc.demo.ExpanableDemoTests;
				PRODUCT_NAME = "$(TARGET_NAME)";
				SWIFT_VERSION = 4.0;
				TARGETED_DEVICE_FAMILY = "1,2";
				TEST_HOST = "$(BUILT_PRODUCTS_DIR)/ExpanableDemo.app/ExpanableDemo";
			};
			name = Release;
		};
		23ECACAC1FF152C900FFAB50 /* Debug */ = {
			isa = XCBuildConfiguration;
			buildSettings = {
				ALWAYS_EMBED_SWIFT_STANDARD_LIBRARIES = YES;
				CODE_SIGN_STYLE = Automatic;
				INFOPLIST_FILE = ExpanableDemoUITests/Info.plist;
				LD_RUNPATH_SEARCH_PATHS = "$(inherited) @executable_path/Frameworks @loader_path/Frameworks";
				PRODUCT_BUNDLE_IDENTIFIER = com.thangvnnc.demo.ExpanableDemoUITests;
				PRODUCT_NAME = "$(TARGET_NAME)";
				SWIFT_VERSION = 4.0;
				TARGETED_DEVICE_FAMILY = "1,2";
				TEST_TARGET_NAME = ExpanableDemo;
			};
			name = Debug;
		};
		23ECACAD1FF152C900FFAB50 /* Release */ = {
			isa = XCBuildConfiguration;
			buildSettings = {
				ALWAYS_EMBED_SWIFT_STANDARD_LIBRARIES = YES;
				CODE_SIGN_STYLE = Automatic;
				INFOPLIST_FILE = ExpanableDemoUITests/Info.plist;
				LD_RUNPATH_SEARCH_PATHS = "$(inherited) @executable_path/Frameworks @loader_path/Frameworks";
				PRODUCT_BUNDLE_IDENTIFIER = com.thangvnnc.demo.ExpanableDemoUITests;
				PRODUCT_NAME = "$(TARGET_NAME)";
				SWIFT_VERSION = 4.0;
				TARGETED_DEVICE_FAMILY = "1,2";
				TEST_TARGET_NAME = ExpanableDemo;
			};
			name = Release;
		};
/* End XCBuildConfiguration section */

/* Begin XCConfigurationList section */
		23ECAC781FF152C800FFAB50 /* Build configuration list for PBXProject "ExpanableDemo" */ = {
			isa = XCConfigurationList;
			buildConfigurations = (
				23ECACA31FF152C800FFAB50 /* Debug */,
				23ECACA41FF152C800FFAB50 /* Release */,
			);
			defaultConfigurationIsVisible = 0;
			defaultConfigurationName = Release;
		};
		23ECACA51FF152C900FFAB50 /* Build configuration list for PBXNativeTarget "ExpanableDemo" */ = {
			isa = XCConfigurationList;
			buildConfigurations = (
				23ECACA61FF152C900FFAB50 /* Debug */,
				23ECACA71FF152C900FFAB50 /* Release */,
			);
			defaultConfigurationIsVisible = 0;
			defaultConfigurationName = Release;
		};
		23ECACA81FF152C900FFAB50 /* Build configuration list for PBXNativeTarget "ExpanableDemoTests" */ = {
			isa = XCConfigurationList;
			buildConfigurations = (
				23ECACA91FF152C900FFAB50 /* Debug */,
				23ECACAA1FF152C900FFAB50 /* Release */,
			);
			defaultConfigurationIsVisible = 0;
			defaultConfigurationName = Release;
		};
		23ECACAB1FF152C900FFAB50 /* Build configuration list for PBXNativeTarget "ExpanableDemoUITests" */ = {
			isa = XCConfigurationList;
			buildConfigurations = (
				23ECACAC1FF152C900FFAB50 /* Debug */,
				23ECACAD1FF152C900FFAB50 /* Release */,
			);
			defaultConfigurationIsVisible = 0;
			defaultConfigurationName = Release;
		};
/* End XCConfigurationList section */
	};
	rootObject = 23ECAC751FF152C800FFAB50 /* Project object */;
}
